
Microsoft Visual Studio Solution File, Format Version 12.00
# Visual Studio Version 16
VisualStudioVersion = 16.0.29709.97
MinimumVisualStudioVersion = 10.0.40219.1
Project("{FAE04EC0-301F-11D3-BF4B-00C04F79EFBC}") = "TheMedicine", "TheMedicine\TheMedicine.csproj", "{2A757DEB-76FC-4074-BF19-855AA31411BA}"
EndProject
Global
	GlobalSection(SolutionConfigurationPlatforms) = preSolution
		Debug|Any CPU = Debug|Any CPU
		Release|Any CPU = Release|Any CPU
	EndGlobalSection
	GlobalSection(ProjectConfigurationPlatforms) = postSolution
		{2A757DEB-76FC-4074-BF19-855AA31411BA}.Debug|Any CPU.ActiveCfg = Debug|Any CPU
		{2A757DEB-76FC-4074-BF19-855AA31411BA}.Debug|Any CPU.Build.0 = Debug|Any CPU
		{2A757DEB-76FC-4074-BF19-855AA31411BA}.Release|Any CPU.ActiveCfg = Release|Any CPU
		{2A757DEB-76FC-4074-BF19-855AA31411BA}.Release|Any CPU.Build.0 = Release|Any CPU
	EndGlobalSection
	GlobalSection(SolutionProperties) = preSolution
		HideSolutionNode = FALSE
	EndGlobalSection
	GlobalSection(ExtensibilityGlobals) = postSolution
		SolutionGuid = {20E2C925-1050-4FFF-A3ED-9B90253788E9}
	EndGlobalSection
EndGlobal
